
Microsoft Visual Studio Solution File, Format Version 12.00
# Visual Studio 2013
VisualStudioVersion = 12.0.21005.1
MinimumVisualStudioVersion = 10.0.40219.1
Project("{2150E333-8FDC-42A3-9474-1A3956D46DE8}") = "Plugins", "Plugins", "{0A84D3E3-910C-41BF-8968-6B500634A325}"
EndProject
Project("{FAE04EC0-301F-11D3-BF4B-00C04F79EFBC}") = "AutoOp", "Plugins\AutoOp\AutoOp.csproj", "{41B4D9C3-1AE3-4CF6-97AE-A014ACFA1E1A}"
EndProject
Project("{FAE04EC0-301F-11D3-BF4B-00C04F79EFBC}") = "Seen", "Plugins\Seen\Seen.csproj", "{6B6F9CDD-5D31-4CB3-986F-BE8830B494D1}"
EndProject
Project("{FAE04EC0-301F-11D3-BF4B-00C04F79EFBC}") = "Reconnect", "Plugins\Reconnect\Reconnect.csproj", "{E75A8C05-3722-478A-AFA6-1E59966C62DD}"
EndProject
Project("{FAE04EC0-301F-11D3-BF4B-00C04F79EFBC}") = "CSharpInterp", "Plugins\CSharpInterp\CSharpInterp.csproj", "{41B4D9C3-1AE3-8CF6-97AE-A014ACFA1F4A}"
EndProject
Project("{FAE04EC0-301F-11D3-BF4B-00C04F79EFBC}") = "Auth", "Plugins\Auth\Auth.csproj", "{41B4D9C4-1AE3-4CF6-97AE-A014ACFA1E1A}"
EndProject
Project("{2150E333-8FDC-42A3-9474-1A3956D46DE8}") = "GUI", "GUI", "{58D448F3-5F0F-4176-9A74-EA1B34194C42}"
EndProject
Project("{FAE04EC0-301F-11D3-BF4B-00C04F79EFBC}") = "SingBot.Console", "Guis\Console\SingBot.Console.csproj", "{D36AE208-DABA-4A72-BF3C-3E25869E0B9A}"
EndProject
Project("{FAE04EC0-301F-11D3-BF4B-00C04F79EFBC}") = "SingBot.Engine", "Engine\SingBot.Engine.csproj", "{BE3255DB-4C44-47D0-B217-DDB05403850B}"
EndProject
Project("{2150E333-8FDC-42A3-9474-1A3956D46DE8}") = "Scripts", "Scripts", "{96BB218E-3FAA-44C5-BF6E-2B50EE44B3FF}"
EndProject
Project("{FAE04EC0-301F-11D3-BF4B-00C04F79EFBC}") = "SingBot.Util", "SingBot.Util\SingBot.Util.csproj", "{83E02153-B560-4607-A1F6-70A2826AD39E}"
EndProject
Project("{2150E333-8FDC-42A3-9474-1A3956D46DE8}") = "Test Projects", "Test Projects", "{E30903A1-1643-4F79-A28F-7275EE873973}"
EndProject
Project("{FAE04EC0-301F-11D3-BF4B-00C04F79EFBC}") = "SecurityLab", "Plugins\SecurityLab\SecurityLab.csproj", "{41B4D9F3-5AE3-4CF6-97AE-A014ACFA1E1A}"
EndProject
Project("{FAE04EC0-301F-11D3-BF4B-00C04F79EFBC}") = "HabraHabr", "Plugins\HabraHabr\HabraHabr.csproj", "{41B4D9F3-5AE3-4CF6-97AE-A014ACFA1A1A}"
EndProject
Project("{FAE04EC0-301F-11D3-BF4B-00C04F79EFBC}") = "ScriptsLibrary", "ScriptsLibrary\ScriptsLibrary.csproj", "{564193E5-7095-439B-BE1B-146AB0A1FB7E}"
EndProject
Project("{FAE04EC0-301F-11D3-BF4B-00C04F79EFBC}") = "NewsYandex", "Plugins\NewsYandex\NewsYandex.csproj", "{41B4D9F3-5AE9-4CF6-97AE-A014ACFA1E1A}"
EndProject
Project("{FAE04EC0-301F-11D3-BF4B-00C04F79EFBC}") = "LuaInterp", "Plugins\LuaInterp\LuaInterp.csproj", "{41B4D9C3-1AE3-4CF6-97AE-A014ACFA1E7A}"
EndProject
Project("{FAE04EC0-301F-11D3-BF4B-00C04F79EFBC}") = "ChannelLinking", "Plugins\ChannelLinking\ChannelLinking.csproj", "{5A61AB25-68F6-4BDF-ABAD-DA12C2A04A49}"
EndProject
Project("{FAE04EC0-301F-11D3-BF4B-00C04F79EFBC}") = "ProxyChecker", "Plugins\ProxyChecker\ProxyChecker.csproj", "{ECB14CFC-16B6-49D5-9872-3922119F117E}"
EndProject
Global
	GlobalSection(SolutionConfigurationPlatforms) = preSolution
		Debug|Any CPU = Debug|Any CPU
		Debug|Mixed Platforms = Debug|Mixed Platforms
		Debug|Win32 = Debug|Win32
		Debug|x86 = Debug|x86
		DebugKopiLua|Any CPU = DebugKopiLua|Any CPU
		DebugKopiLua|Mixed Platforms = DebugKopiLua|Mixed Platforms
		DebugKopiLua|Win32 = DebugKopiLua|Win32
		DebugKopiLua|x86 = DebugKopiLua|x86
		Release|Any CPU = Release|Any CPU
		Release|Mixed Platforms = Release|Mixed Platforms
		Release|Win32 = Release|Win32
		Release|x86 = Release|x86
		ReleaseKopiLua|Any CPU = ReleaseKopiLua|Any CPU
		ReleaseKopiLua|Mixed Platforms = ReleaseKopiLua|Mixed Platforms
		ReleaseKopiLua|Win32 = ReleaseKopiLua|Win32
		ReleaseKopiLua|x86 = ReleaseKopiLua|x86
		x86 Release|Any CPU = x86 Release|Any CPU
		x86 Release|Mixed Platforms = x86 Release|Mixed Platforms
		x86 Release|Win32 = x86 Release|Win32
		x86 Release|x86 = x86 Release|x86
	EndGlobalSection
	GlobalSection(ProjectConfigurationPlatforms) = postSolution
		{41B4D9C3-1AE3-4CF6-97AE-A014ACFA1E1A}.Debug|Any CPU.ActiveCfg = Debug|Any CPU
		{41B4D9C3-1AE3-4CF6-97AE-A014ACFA1E1A}.Debug|Any CPU.Build.0 = Debug|Any CPU
		{41B4D9C3-1AE3-4CF6-97AE-A014ACFA1E1A}.Debug|Mixed Platforms.ActiveCfg = Debug|x86
		{41B4D9C3-1AE3-4CF6-97AE-A014ACFA1E1A}.Debug|Mixed Platforms.Build.0 = Debug|x86
		{41B4D9C3-1AE3-4CF6-97AE-A014ACFA1E1A}.Debug|Win32.ActiveCfg = Debug|x86
		{41B4D9C3-1AE3-4CF6-97AE-A014ACFA1E1A}.Debug|Win32.Build.0 = Debug|x86
		{41B4D9C3-1AE3-4CF6-97AE-A014ACFA1E1A}.Debug|x86.ActiveCfg = Debug|x86
		{41B4D9C3-1AE3-4CF6-97AE-A014ACFA1E1A}.Debug|x86.Build.0 = Debug|x86
		{41B4D9C3-1AE3-4CF6-97AE-A014ACFA1E1A}.DebugKopiLua|Any CPU.ActiveCfg = Debug|Any CPU
		{41B4D9C3-1AE3-4CF6-97AE-A014ACFA1E1A}.DebugKopiLua|Any CPU.Build.0 = Debug|Any CPU
		{41B4D9C3-1AE3-4CF6-97AE-A014ACFA1E1A}.DebugKopiLua|Mixed Platforms.ActiveCfg = Debug|x86
		{41B4D9C3-1AE3-4CF6-97AE-A014ACFA1E1A}.DebugKopiLua|Mixed Platforms.Build.0 = Debug|x86
		{41B4D9C3-1AE3-4CF6-97AE-A014ACFA1E1A}.DebugKopiLua|Win32.ActiveCfg = Debug|x86
		{41B4D9C3-1AE3-4CF6-97AE-A014ACFA1E1A}.DebugKopiLua|Win32.Build.0 = Debug|x86
		{41B4D9C3-1AE3-4CF6-97AE-A014ACFA1E1A}.DebugKopiLua|x86.ActiveCfg = Debug|x86
		{41B4D9C3-1AE3-4CF6-97AE-A014ACFA1E1A}.DebugKopiLua|x86.Build.0 = Debug|x86
		{41B4D9C3-1AE3-4CF6-97AE-A014ACFA1E1A}.Release|Any CPU.ActiveCfg = Release|Any CPU
		{41B4D9C3-1AE3-4CF6-97AE-A014ACFA1E1A}.Release|Any CPU.Build.0 = Release|Any CPU
		{41B4D9C3-1AE3-4CF6-97AE-A014ACFA1E1A}.Release|Mixed Platforms.ActiveCfg = Release|x86
		{41B4D9C3-1AE3-4CF6-97AE-A014ACFA1E1A}.Release|Mixed Platforms.Build.0 = Release|x86
		{41B4D9C3-1AE3-4CF6-97AE-A014ACFA1E1A}.Release|Win32.ActiveCfg = Release|x86
		{41B4D9C3-1AE3-4CF6-97AE-A014ACFA1E1A}.Release|Win32.Build.0 = Release|x86
		{41B4D9C3-1AE3-4CF6-97AE-A014ACFA1E1A}.Release|x86.ActiveCfg = Release|x86
		{41B4D9C3-1AE3-4CF6-97AE-A014ACFA1E1A}.Release|x86.Build.0 = Release|x86
		{41B4D9C3-1AE3-4CF6-97AE-A014ACFA1E1A}.ReleaseKopiLua|Any CPU.ActiveCfg = Release|Any CPU
		{41B4D9C3-1AE3-4CF6-97AE-A014ACFA1E1A}.ReleaseKopiLua|Any CPU.Build.0 = Release|Any CPU
		{41B4D9C3-1AE3-4CF6-97AE-A014ACFA1E1A}.ReleaseKopiLua|Mixed Platforms.ActiveCfg = Release|x86
		{41B4D9C3-1AE3-4CF6-97AE-A014ACFA1E1A}.ReleaseKopiLua|Mixed Platforms.Build.0 = Release|x86
		{41B4D9C3-1AE3-4CF6-97AE-A014ACFA1E1A}.ReleaseKopiLua|Win32.ActiveCfg = Release|x86
		{41B4D9C3-1AE3-4CF6-97AE-A014ACFA1E1A}.ReleaseKopiLua|Win32.Build.0 = Release|x86
		{41B4D9C3-1AE3-4CF6-97AE-A014ACFA1E1A}.ReleaseKopiLua|x86.ActiveCfg = Release|x86
		{41B4D9C3-1AE3-4CF6-97AE-A014ACFA1E1A}.ReleaseKopiLua|x86.Build.0 = Release|x86
		{41B4D9C3-1AE3-4CF6-97AE-A014ACFA1E1A}.x86 Release|Any CPU.ActiveCfg = x86 Release|Any CPU
		{41B4D9C3-1AE3-4CF6-97AE-A014ACFA1E1A}.x86 Release|Any CPU.Build.0 = x86 Release|Any CPU
		{41B4D9C3-1AE3-4CF6-97AE-A014ACFA1E1A}.x86 Release|Mixed Platforms.ActiveCfg = x86 Release|x86
		{41B4D9C3-1AE3-4CF6-97AE-A014ACFA1E1A}.x86 Release|Mixed Platforms.Build.0 = x86 Release|x86
		{41B4D9C3-1AE3-4CF6-97AE-A014ACFA1E1A}.x86 Release|Win32.ActiveCfg = x86 Release|x86
		{41B4D9C3-1AE3-4CF6-97AE-A014ACFA1E1A}.x86 Release|Win32.Build.0 = x86 Release|x86
		{41B4D9C3-1AE3-4CF6-97AE-A014ACFA1E1A}.x86 Release|x86.ActiveCfg = x86 Release|x86
		{41B4D9C3-1AE3-4CF6-97AE-A014ACFA1E1A}.x86 Release|x86.Build.0 = x86 Release|x86
		{6B6F9CDD-5D31-4CB3-986F-BE8830B494D1}.Debug|Any CPU.ActiveCfg = Debug|Any CPU
		{6B6F9CDD-5D31-4CB3-986F-BE8830B494D1}.Debug|Any CPU.Build.0 = Debug|Any CPU
		{6B6F9CDD-5D31-4CB3-986F-BE8830B494D1}.Debug|Mixed Platforms.ActiveCfg = Debug|x86
		{6B6F9CDD-5D31-4CB3-986F-BE8830B494D1}.Debug|Mixed Platforms.Build.0 = Debug|x86
		{6B6F9CDD-5D31-4CB3-986F-BE8830B494D1}.Debug|Win32.ActiveCfg = Debug|x86
		{6B6F9CDD-5D31-4CB3-986F-BE8830B494D1}.Debug|x86.ActiveCfg = Debug|x86
		{6B6F9CDD-5D31-4CB3-986F-BE8830B494D1}.Debug|x86.Build.0 = Debug|x86
		{6B6F9CDD-5D31-4CB3-986F-BE8830B494D1}.DebugKopiLua|Any CPU.ActiveCfg = Debug|Any CPU
		{6B6F9CDD-5D31-4CB3-986F-BE8830B494D1}.DebugKopiLua|Any CPU.Build.0 = Debug|Any CPU
		{6B6F9CDD-5D31-4CB3-986F-BE8830B494D1}.DebugKopiLua|Mixed Platforms.ActiveCfg = Debug|x86
		{6B6F9CDD-5D31-4CB3-986F-BE8830B494D1}.DebugKopiLua|Mixed Platforms.Build.0 = Debug|x86
		{6B6F9CDD-5D31-4CB3-986F-BE8830B494D1}.DebugKopiLua|Win32.ActiveCfg = Debug|x86
		{6B6F9CDD-5D31-4CB3-986F-BE8830B494D1}.DebugKopiLua|Win32.Build.0 = Debug|x86
		{6B6F9CDD-5D31-4CB3-986F-BE8830B494D1}.DebugKopiLua|x86.ActiveCfg = Debug|x86
		{6B6F9CDD-5D31-4CB3-986F-BE8830B494D1}.DebugKopiLua|x86.Build.0 = Debug|x86
		{6B6F9CDD-5D31-4CB3-986F-BE8830B494D1}.Release|Any CPU.ActiveCfg = Release|Any CPU
		{6B6F9CDD-5D31-4CB3-986F-BE8830B494D1}.Release|Any CPU.Build.0 = Release|Any CPU
		{6B6F9CDD-5D31-4CB3-986F-BE8830B494D1}.Release|Mixed Platforms.ActiveCfg = Release|x86
		{6B6F9CDD-5D31-4CB3-986F-BE8830B494D1}.Release|Mixed Platforms.Build.0 = Release|x86
		{6B6F9CDD-5D31-4CB3-986F-BE8830B494D1}.Release|Win32.ActiveCfg = Release|x86
		{6B6F9CDD-5D31-4CB3-986F-BE8830B494D1}.Release|x86.ActiveCfg = Release|x86
		{6B6F9CDD-5D31-4CB3-986F-BE8830B494D1}.Release|x86.Build.0 = Release|x86
		{6B6F9CDD-5D31-4CB3-986F-BE8830B494D1}.ReleaseKopiLua|Any CPU.ActiveCfg = Release|Any CPU
		{6B6F9CDD-5D31-4CB3-986F-BE8830B494D1}.ReleaseKopiLua|Any CPU.Build.0 = Release|Any CPU
		{6B6F9CDD-5D31-4CB3-986F-BE8830B494D1}.ReleaseKopiLua|Mixed Platforms.ActiveCfg = Release|x86
		{6B6F9CDD-5D31-4CB3-986F-BE8830B494D1}.ReleaseKopiLua|Mixed Platforms.Build.0 = Release|x86
		{6B6F9CDD-5D31-4CB3-986F-BE8830B494D1}.ReleaseKopiLua|Win32.ActiveCfg = Release|x86
		{6B6F9CDD-5D31-4CB3-986F-BE8830B494D1}.ReleaseKopiLua|Win32.Build.0 = Release|x86
		{6B6F9CDD-5D31-4CB3-986F-BE8830B494D1}.ReleaseKopiLua|x86.ActiveCfg = Release|x86
		{6B6F9CDD-5D31-4CB3-986F-BE8830B494D1}.ReleaseKopiLua|x86.Build.0 = Release|x86
		{6B6F9CDD-5D31-4CB3-986F-BE8830B494D1}.x86 Release|Any CPU.ActiveCfg = x86 Release|Any CPU
		{6B6F9CDD-5D31-4CB3-986F-BE8830B494D1}.x86 Release|Any CPU.Build.0 = x86 Release|Any CPU
		{6B6F9CDD-5D31-4CB3-986F-BE8830B494D1}.x86 Release|Mixed Platforms.ActiveCfg = x86 Release|x86
		{6B6F9CDD-5D31-4CB3-986F-BE8830B494D1}.x86 Release|Mixed Platforms.Build.0 = x86 Release|x86
		{6B6F9CDD-5D31-4CB3-986F-BE8830B494D1}.x86 Release|Win32.ActiveCfg = x86 Release|x86
		{6B6F9CDD-5D31-4CB3-986F-BE8830B494D1}.x86 Release|x86.ActiveCfg = x86 Release|x86
		{6B6F9CDD-5D31-4CB3-986F-BE8830B494D1}.x86 Release|x86.Build.0 = x86 Release|x86
		{E75A8C05-3722-478A-AFA6-1E59966C62DD}.Debug|Any CPU.ActiveCfg = Debug|Any CPU
		{E75A8C05-3722-478A-AFA6-1E59966C62DD}.Debug|Any CPU.Build.0 = Debug|Any CPU
		{E75A8C05-3722-478A-AFA6-1E59966C62DD}.Debug|Mixed Platforms.ActiveCfg = Debug|Any CPU
		{E75A8C05-3722-478A-AFA6-1E59966C62DD}.Debug|Mixed Platforms.Build.0 = Debug|Any CPU
		{E75A8C05-3722-478A-AFA6-1E59966C62DD}.Debug|Win32.ActiveCfg = Debug|Any CPU
		{E75A8C05-3722-478A-AFA6-1E59966C62DD}.Debug|x86.ActiveCfg = Debug|Any CPU
		{E75A8C05-3722-478A-AFA6-1E59966C62DD}.DebugKopiLua|Any CPU.ActiveCfg = Debug|Any CPU
		{E75A8C05-3722-478A-AFA6-1E59966C62DD}.DebugKopiLua|Any CPU.Build.0 = Debug|Any CPU
		{E75A8C05-3722-478A-AFA6-1E59966C62DD}.DebugKopiLua|Mixed Platforms.ActiveCfg = Debug|Any CPU
		{E75A8C05-3722-478A-AFA6-1E59966C62DD}.DebugKopiLua|Mixed Platforms.Build.0 = Debug|Any CPU
		{E75A8C05-3722-478A-AFA6-1E59966C62DD}.DebugKopiLua|Win32.ActiveCfg = Debug|Any CPU
		{E75A8C05-3722-478A-AFA6-1E59966C62DD}.DebugKopiLua|x86.ActiveCfg = Debug|Any CPU
		{E75A8C05-3722-478A-AFA6-1E59966C62DD}.Release|Any CPU.ActiveCfg = Release|Any CPU
		{E75A8C05-3722-478A-AFA6-1E59966C62DD}.Release|Any CPU.Build.0 = Release|Any CPU
		{E75A8C05-3722-478A-AFA6-1E59966C62DD}.Release|Mixed Platforms.ActiveCfg = Release|Any CPU
		{E75A8C05-3722-478A-AFA6-1E59966C62DD}.Release|Mixed Platforms.Build.0 = Release|Any CPU
		{E75A8C05-3722-478A-AFA6-1E59966C62DD}.Release|Win32.ActiveCfg = Release|Any CPU
		{E75A8C05-3722-478A-AFA6-1E59966C62DD}.Release|x86.ActiveCfg = Release|Any CPU
		{E75A8C05-3722-478A-AFA6-1E59966C62DD}.ReleaseKopiLua|Any CPU.ActiveCfg = Release|Any CPU
		{E75A8C05-3722-478A-AFA6-1E59966C62DD}.ReleaseKopiLua|Any CPU.Build.0 = Release|Any CPU
		{E75A8C05-3722-478A-AFA6-1E59966C62DD}.ReleaseKopiLua|Mixed Platforms.ActiveCfg = Release|Any CPU
		{E75A8C05-3722-478A-AFA6-1E59966C62DD}.ReleaseKopiLua|Mixed Platforms.Build.0 = Release|Any CPU
		{E75A8C05-3722-478A-AFA6-1E59966C62DD}.ReleaseKopiLua|Win32.ActiveCfg = Release|Any CPU
		{E75A8C05-3722-478A-AFA6-1E59966C62DD}.ReleaseKopiLua|x86.ActiveCfg = Release|Any CPU
		{E75A8C05-3722-478A-AFA6-1E59966C62DD}.x86 Release|Any CPU.ActiveCfg = Release|Any CPU
		{E75A8C05-3722-478A-AFA6-1E59966C62DD}.x86 Release|Any CPU.Build.0 = Release|Any CPU
		{E75A8C05-3722-478A-AFA6-1E59966C62DD}.x86 Release|Mixed Platforms.ActiveCfg = Release|Any CPU
		{E75A8C05-3722-478A-AFA6-1E59966C62DD}.x86 Release|Mixed Platforms.Build.0 = Release|Any CPU
		{E75A8C05-3722-478A-AFA6-1E59966C62DD}.x86 Release|Win32.ActiveCfg = Release|Any CPU
		{E75A8C05-3722-478A-AFA6-1E59966C62DD}.x86 Release|x86.ActiveCfg = Release|Any CPU
		{41B4D9C3-1AE3-8CF6-97AE-A014ACFA1F4A}.Debug|Any CPU.ActiveCfg = Debug|Any CPU
		{41B4D9C3-1AE3-8CF6-97AE-A014ACFA1F4A}.Debug|Any CPU.Build.0 = Debug|Any CPU
		{41B4D9C3-1AE3-8CF6-97AE-A014ACFA1F4A}.Debug|Mixed Platforms.ActiveCfg = Debug|Any CPU
		{41B4D9C3-1AE3-8CF6-97AE-A014ACFA1F4A}.Debug|Mixed Platforms.Build.0 = Debug|Any CPU
		{41B4D9C3-1AE3-8CF6-97AE-A014ACFA1F4A}.Debug|Win32.ActiveCfg = Debug|Any CPU
		{41B4D9C3-1AE3-8CF6-97AE-A014ACFA1F4A}.Debug|Win32.Build.0 = Debug|Any CPU
		{41B4D9C3-1AE3-8CF6-97AE-A014ACFA1F4A}.Debug|x86.ActiveCfg = Debug|x86
		{41B4D9C3-1AE3-8CF6-97AE-A014ACFA1F4A}.Debug|x86.Build.0 = Debug|x86
		{41B4D9C3-1AE3-8CF6-97AE-A014ACFA1F4A}.DebugKopiLua|Any CPU.ActiveCfg = Debug|Any CPU
		{41B4D9C3-1AE3-8CF6-97AE-A014ACFA1F4A}.DebugKopiLua|Any CPU.Build.0 = Debug|Any CPU
		{41B4D9C3-1AE3-8CF6-97AE-A014ACFA1F4A}.DebugKopiLua|Mixed Platforms.ActiveCfg = Debug|x86
		{41B4D9C3-1AE3-8CF6-97AE-A014ACFA1F4A}.DebugKopiLua|Mixed Platforms.Build.0 = Debug|x86
		{41B4D9C3-1AE3-8CF6-97AE-A014ACFA1F4A}.DebugKopiLua|Win32.ActiveCfg = Debug|x86
		{41B4D9C3-1AE3-8CF6-97AE-A014ACFA1F4A}.DebugKopiLua|Win32.Build.0 = Debug|x86
		{41B4D9C3-1AE3-8CF6-97AE-A014ACFA1F4A}.DebugKopiLua|x86.ActiveCfg = Debug|x86
		{41B4D9C3-1AE3-8CF6-97AE-A014ACFA1F4A}.DebugKopiLua|x86.Build.0 = Debug|x86
		{41B4D9C3-1AE3-8CF6-97AE-A014ACFA1F4A}.Release|Any CPU.ActiveCfg = Release|Any CPU
		{41B4D9C3-1AE3-8CF6-97AE-A014ACFA1F4A}.Release|Any CPU.Build.0 = Release|Any CPU
		{41B4D9C3-1AE3-8CF6-97AE-A014ACFA1F4A}.Release|Mixed Platforms.ActiveCfg = Release|Any CPU
		{41B4D9C3-1AE3-8CF6-97AE-A014ACFA1F4A}.Release|Mixed Platforms.Build.0 = Release|Any CPU
		{41B4D9C3-1AE3-8CF6-97AE-A014ACFA1F4A}.Release|Win32.ActiveCfg = Release|Any CPU
		{41B4D9C3-1AE3-8CF6-97AE-A014ACFA1F4A}.Release|Win32.Build.0 = Release|Any CPU
		{41B4D9C3-1AE3-8CF6-97AE-A014ACFA1F4A}.Release|x86.ActiveCfg = Release|x86
		{41B4D9C3-1AE3-8CF6-97AE-A014ACFA1F4A}.Release|x86.Build.0 = Release|x86
		{41B4D9C3-1AE3-8CF6-97AE-A014ACFA1F4A}.ReleaseKopiLua|Any CPU.ActiveCfg = Release|Any CPU
		{41B4D9C3-1AE3-8CF6-97AE-A014ACFA1F4A}.ReleaseKopiLua|Any CPU.Build.0 = Release|Any CPU
		{41B4D9C3-1AE3-8CF6-97AE-A014ACFA1F4A}.ReleaseKopiLua|Mixed Platforms.ActiveCfg = Release|x86
		{41B4D9C3-1AE3-8CF6-97AE-A014ACFA1F4A}.ReleaseKopiLua|Mixed Platforms.Build.0 = Release|x86
		{41B4D9C3-1AE3-8CF6-97AE-A014ACFA1F4A}.ReleaseKopiLua|Win32.ActiveCfg = Release|x86
		{41B4D9C3-1AE3-8CF6-97AE-A014ACFA1F4A}.ReleaseKopiLua|Win32.Build.0 = Release|x86
		{41B4D9C3-1AE3-8CF6-97AE-A014ACFA1F4A}.ReleaseKopiLua|x86.ActiveCfg = Release|x86
		{41B4D9C3-1AE3-8CF6-97AE-A014ACFA1F4A}.ReleaseKopiLua|x86.Build.0 = Release|x86
		{41B4D9C3-1AE3-8CF6-97AE-A014ACFA1F4A}.x86 Release|Any CPU.ActiveCfg = x86 Release|Any CPU
		{41B4D9C3-1AE3-8CF6-97AE-A014ACFA1F4A}.x86 Release|Any CPU.Build.0 = x86 Release|Any CPU
		{41B4D9C3-1AE3-8CF6-97AE-A014ACFA1F4A}.x86 Release|Mixed Platforms.ActiveCfg = x86 Release|Any CPU
		{41B4D9C3-1AE3-8CF6-97AE-A014ACFA1F4A}.x86 Release|Mixed Platforms.Build.0 = x86 Release|Any CPU
		{41B4D9C3-1AE3-8CF6-97AE-A014ACFA1F4A}.x86 Release|Win32.ActiveCfg = x86 Release|Any CPU
		{41B4D9C3-1AE3-8CF6-97AE-A014ACFA1F4A}.x86 Release|Win32.Build.0 = x86 Release|Any CPU
		{41B4D9C3-1AE3-8CF6-97AE-A014ACFA1F4A}.x86 Release|x86.ActiveCfg = x86 Release|x86
		{41B4D9C3-1AE3-8CF6-97AE-A014ACFA1F4A}.x86 Release|x86.Build.0 = x86 Release|x86
		{41B4D9C4-1AE3-4CF6-97AE-A014ACFA1E1A}.Debug|Any CPU.ActiveCfg = Debug|Any CPU
		{41B4D9C4-1AE3-4CF6-97AE-A014ACFA1E1A}.Debug|Any CPU.Build.0 = Debug|Any CPU
		{41B4D9C4-1AE3-4CF6-97AE-A014ACFA1E1A}.Debug|Mixed Platforms.ActiveCfg = Debug|Any CPU
		{41B4D9C4-1AE3-4CF6-97AE-A014ACFA1E1A}.Debug|Mixed Platforms.Build.0 = Debug|Any CPU
		{41B4D9C4-1AE3-4CF6-97AE-A014ACFA1E1A}.Debug|Win32.ActiveCfg = Debug|Any CPU
		{41B4D9C4-1AE3-4CF6-97AE-A014ACFA1E1A}.Debug|Win32.Build.0 = Debug|Any CPU
		{41B4D9C4-1AE3-4CF6-97AE-A014ACFA1E1A}.Debug|x86.ActiveCfg = Debug|x86
		{41B4D9C4-1AE3-4CF6-97AE-A014ACFA1E1A}.Debug|x86.Build.0 = Debug|x86
		{41B4D9C4-1AE3-4CF6-97AE-A014ACFA1E1A}.DebugKopiLua|Any CPU.ActiveCfg = Debug|Any CPU
		{41B4D9C4-1AE3-4CF6-97AE-A014ACFA1E1A}.DebugKopiLua|Any CPU.Build.0 = Debug|Any CPU
		{41B4D9C4-1AE3-4CF6-97AE-A014ACFA1E1A}.DebugKopiLua|Mixed Platforms.ActiveCfg = Debug|x86
		{41B4D9C4-1AE3-4CF6-97AE-A014ACFA1E1A}.DebugKopiLua|Mixed Platforms.Build.0 = Debug|x86
		{41B4D9C4-1AE3-4CF6-97AE-A014ACFA1E1A}.DebugKopiLua|Win32.ActiveCfg = Debug|x86
		{41B4D9C4-1AE3-4CF6-97AE-A014ACFA1E1A}.DebugKopiLua|Win32.Build.0 = Debug|x86
		{41B4D9C4-1AE3-4CF6-97AE-A014ACFA1E1A}.DebugKopiLua|x86.ActiveCfg = Debug|x86
		{41B4D9C4-1AE3-4CF6-97AE-A014ACFA1E1A}.DebugKopiLua|x86.Build.0 = Debug|x86
		{41B4D9C4-1AE3-4CF6-97AE-A014ACFA1E1A}.Release|Any CPU.ActiveCfg = Release|Any CPU
		{41B4D9C4-1AE3-4CF6-97AE-A014ACFA1E1A}.Release|Any CPU.Build.0 = Release|Any CPU
		{41B4D9C4-1AE3-4CF6-97AE-A014ACFA1E1A}.Release|Mixed Platforms.ActiveCfg = Release|Any CPU
		{41B4D9C4-1AE3-4CF6-97AE-A014ACFA1E1A}.Release|Mixed Platforms.Build.0 = Release|Any CPU
		{41B4D9C4-1AE3-4CF6-97AE-A014ACFA1E1A}.Release|Win32.ActiveCfg = Release|Any CPU
		{41B4D9C4-1AE3-4CF6-97AE-A014ACFA1E1A}.Release|Win32.Build.0 = Release|Any CPU
		{41B4D9C4-1AE3-4CF6-97AE-A014ACFA1E1A}.Release|x86.ActiveCfg = Release|x86
		{41B4D9C4-1AE3-4CF6-97AE-A014ACFA1E1A}.Release|x86.Build.0 = Release|x86
		{41B4D9C4-1AE3-4CF6-97AE-A014ACFA1E1A}.ReleaseKopiLua|Any CPU.ActiveCfg = Release|Any CPU
		{41B4D9C4-1AE3-4CF6-97AE-A014ACFA1E1A}.ReleaseKopiLua|Any CPU.Build.0 = Release|Any CPU
		{41B4D9C4-1AE3-4CF6-97AE-A014ACFA1E1A}.ReleaseKopiLua|Mixed Platforms.ActiveCfg = Release|x86
		{41B4D9C4-1AE3-4CF6-97AE-A014ACFA1E1A}.ReleaseKopiLua|Mixed Platforms.Build.0 = Release|x86
		{41B4D9C4-1AE3-4CF6-97AE-A014ACFA1E1A}.ReleaseKopiLua|Win32.ActiveCfg = Release|x86
		{41B4D9C4-1AE3-4CF6-97AE-A014ACFA1E1A}.ReleaseKopiLua|Win32.Build.0 = Release|x86
		{41B4D9C4-1AE3-4CF6-97AE-A014ACFA1E1A}.ReleaseKopiLua|x86.ActiveCfg = Release|x86
		{41B4D9C4-1AE3-4CF6-97AE-A014ACFA1E1A}.ReleaseKopiLua|x86.Build.0 = Release|x86
		{41B4D9C4-1AE3-4CF6-97AE-A014ACFA1E1A}.x86 Release|Any CPU.ActiveCfg = x86 Release|Any CPU
		{41B4D9C4-1AE3-4CF6-97AE-A014ACFA1E1A}.x86 Release|Any CPU.Build.0 = x86 Release|Any CPU
		{41B4D9C4-1AE3-4CF6-97AE-A014ACFA1E1A}.x86 Release|Mixed Platforms.ActiveCfg = x86 Release|Any CPU
		{41B4D9C4-1AE3-4CF6-97AE-A014ACFA1E1A}.x86 Release|Mixed Platforms.Build.0 = x86 Release|Any CPU
		{41B4D9C4-1AE3-4CF6-97AE-A014ACFA1E1A}.x86 Release|Win32.ActiveCfg = x86 Release|Any CPU
		{41B4D9C4-1AE3-4CF6-97AE-A014ACFA1E1A}.x86 Release|Win32.Build.0 = x86 Release|Any CPU
		{41B4D9C4-1AE3-4CF6-97AE-A014ACFA1E1A}.x86 Release|x86.ActiveCfg = x86 Release|x86
		{41B4D9C4-1AE3-4CF6-97AE-A014ACFA1E1A}.x86 Release|x86.Build.0 = x86 Release|x86
		{D36AE208-DABA-4A72-BF3C-3E25869E0B9A}.Debug|Any CPU.ActiveCfg = Debug|Any CPU
		{D36AE208-DABA-4A72-BF3C-3E25869E0B9A}.Debug|Any CPU.Build.0 = Debug|Any CPU
		{D36AE208-DABA-4A72-BF3C-3E25869E0B9A}.Debug|Mixed Platforms.ActiveCfg = Debug|x86
		{D36AE208-DABA-4A72-BF3C-3E25869E0B9A}.Debug|Mixed Platforms.Build.0 = Debug|x86
		{D36AE208-DABA-4A72-BF3C-3E25869E0B9A}.Debug|Win32.ActiveCfg = Debug|x86
		{D36AE208-DABA-4A72-BF3C-3E25869E0B9A}.Debug|x86.ActiveCfg = Debug|x86
		{D36AE208-DABA-4A72-BF3C-3E25869E0B9A}.Debug|x86.Build.0 = Debug|x86
		{D36AE208-DABA-4A72-BF3C-3E25869E0B9A}.DebugKopiLua|Any CPU.ActiveCfg = Debug|Any CPU
		{D36AE208-DABA-4A72-BF3C-3E25869E0B9A}.DebugKopiLua|Any CPU.Build.0 = Debug|Any CPU
		{D36AE208-DABA-4A72-BF3C-3E25869E0B9A}.DebugKopiLua|Mixed Platforms.ActiveCfg = Debug|x86
		{D36AE208-DABA-4A72-BF3C-3E25869E0B9A}.DebugKopiLua|Mixed Platforms.Build.0 = Debug|x86
		{D36AE208-DABA-4A72-BF3C-3E25869E0B9A}.DebugKopiLua|Win32.ActiveCfg = Debug|x86
		{D36AE208-DABA-4A72-BF3C-3E25869E0B9A}.DebugKopiLua|Win32.Build.0 = Debug|x86
		{D36AE208-DABA-4A72-BF3C-3E25869E0B9A}.DebugKopiLua|x86.ActiveCfg = Debug|x86
		{D36AE208-DABA-4A72-BF3C-3E25869E0B9A}.DebugKopiLua|x86.Build.0 = Debug|x86
		{D36AE208-DABA-4A72-BF3C-3E25869E0B9A}.Release|Any CPU.ActiveCfg = Release|Any CPU
		{D36AE208-DABA-4A72-BF3C-3E25869E0B9A}.Release|Any CPU.Build.0 = Release|Any CPU
		{D36AE208-DABA-4A72-BF3C-3E25869E0B9A}.Release|Mixed Platforms.ActiveCfg = Release|x86
		{D36AE208-DABA-4A72-BF3C-3E25869E0B9A}.Release|Mixed Platforms.Build.0 = Release|x86
		{D36AE208-DABA-4A72-BF3C-3E25869E0B9A}.Release|Win32.ActiveCfg = Release|x86
		{D36AE208-DABA-4A72-BF3C-3E25869E0B9A}.Release|x86.ActiveCfg = Release|x86
		{D36AE208-DABA-4A72-BF3C-3E25869E0B9A}.Release|x86.Build.0 = Release|x86
		{D36AE208-DABA-4A72-BF3C-3E25869E0B9A}.ReleaseKopiLua|Any CPU.ActiveCfg = Release|Any CPU
		{D36AE208-DABA-4A72-BF3C-3E25869E0B9A}.ReleaseKopiLua|Any CPU.Build.0 = Release|Any CPU
		{D36AE208-DABA-4A72-BF3C-3E25869E0B9A}.ReleaseKopiLua|Mixed Platforms.ActiveCfg = Release|x86
		{D36AE208-DABA-4A72-BF3C-3E25869E0B9A}.ReleaseKopiLua|Mixed Platforms.Build.0 = Release|x86
		{D36AE208-DABA-4A72-BF3C-3E25869E0B9A}.ReleaseKopiLua|Win32.ActiveCfg = Release|x86
		{D36AE208-DABA-4A72-BF3C-3E25869E0B9A}.ReleaseKopiLua|Win32.Build.0 = Release|x86
		{D36AE208-DABA-4A72-BF3C-3E25869E0B9A}.ReleaseKopiLua|x86.ActiveCfg = Release|x86
		{D36AE208-DABA-4A72-BF3C-3E25869E0B9A}.ReleaseKopiLua|x86.Build.0 = Release|x86
		{D36AE208-DABA-4A72-BF3C-3E25869E0B9A}.x86 Release|Any CPU.ActiveCfg = x86 Release|Any CPU
		{D36AE208-DABA-4A72-BF3C-3E25869E0B9A}.x86 Release|Any CPU.Build.0 = x86 Release|Any CPU
		{D36AE208-DABA-4A72-BF3C-3E25869E0B9A}.x86 Release|Mixed Platforms.ActiveCfg = x86 Release|x86
		{D36AE208-DABA-4A72-BF3C-3E25869E0B9A}.x86 Release|Mixed Platforms.Build.0 = x86 Release|x86
		{D36AE208-DABA-4A72-BF3C-3E25869E0B9A}.x86 Release|Win32.ActiveCfg = x86 Release|x86
		{D36AE208-DABA-4A72-BF3C-3E25869E0B9A}.x86 Release|x86.ActiveCfg = x86 Release|x86
		{D36AE208-DABA-4A72-BF3C-3E25869E0B9A}.x86 Release|x86.Build.0 = x86 Release|x86
		{BE3255DB-4C44-47D0-B217-DDB05403850B}.Debug|Any CPU.ActiveCfg = Debug|Any CPU
		{BE3255DB-4C44-47D0-B217-DDB05403850B}.Debug|Any CPU.Build.0 = Debug|Any CPU
		{BE3255DB-4C44-47D0-B217-DDB05403850B}.Debug|Mixed Platforms.ActiveCfg = Debug|x86
		{BE3255DB-4C44-47D0-B217-DDB05403850B}.Debug|Mixed Platforms.Build.0 = Debug|x86
		{BE3255DB-4C44-47D0-B217-DDB05403850B}.Debug|Win32.ActiveCfg = Debug|x86
		{BE3255DB-4C44-47D0-B217-DDB05403850B}.Debug|x86.ActiveCfg = Debug|x86
		{BE3255DB-4C44-47D0-B217-DDB05403850B}.Debug|x86.Build.0 = Debug|x86
		{BE3255DB-4C44-47D0-B217-DDB05403850B}.DebugKopiLua|Any CPU.ActiveCfg = Debug|Any CPU
		{BE3255DB-4C44-47D0-B217-DDB05403850B}.DebugKopiLua|Any CPU.Build.0 = Debug|Any CPU
		{BE3255DB-4C44-47D0-B217-DDB05403850B}.DebugKopiLua|Mixed Platforms.ActiveCfg = Debug|x86
		{BE3255DB-4C44-47D0-B217-DDB05403850B}.DebugKopiLua|Mixed Platforms.Build.0 = Debug|x86
		{BE3255DB-4C44-47D0-B217-DDB05403850B}.DebugKopiLua|Win32.ActiveCfg = Debug|x86
		{BE3255DB-4C44-47D0-B217-DDB05403850B}.DebugKopiLua|Win32.Build.0 = Debug|x86
		{BE3255DB-4C44-47D0-B217-DDB05403850B}.DebugKopiLua|x86.ActiveCfg = Debug|x86
		{BE3255DB-4C44-47D0-B217-DDB05403850B}.DebugKopiLua|x86.Build.0 = Debug|x86
		{BE3255DB-4C44-47D0-B217-DDB05403850B}.Release|Any CPU.ActiveCfg = Release|Any CPU
		{BE3255DB-4C44-47D0-B217-DDB05403850B}.Release|Any CPU.Build.0 = Release|Any CPU
		{BE3255DB-4C44-47D0-B217-DDB05403850B}.Release|Mixed Platforms.ActiveCfg = Release|x86
		{BE3255DB-4C44-47D0-B217-DDB05403850B}.Release|Mixed Platforms.Build.0 = Release|x86
		{BE3255DB-4C44-47D0-B217-DDB05403850B}.Release|Win32.ActiveCfg = Release|x86
		{BE3255DB-4C44-47D0-B217-DDB05403850B}.Release|x86.ActiveCfg = Release|x86
		{BE3255DB-4C44-47D0-B217-DDB05403850B}.Release|x86.Build.0 = Release|x86
		{BE3255DB-4C44-47D0-B217-DDB05403850B}.ReleaseKopiLua|Any CPU.ActiveCfg = Release|Any CPU
		{BE3255DB-4C44-47D0-B217-DDB05403850B}.ReleaseKopiLua|Any CPU.Build.0 = Release|Any CPU
		{BE3255DB-4C44-47D0-B217-DDB05403850B}.ReleaseKopiLua|Mixed Platforms.ActiveCfg = Release|x86
		{BE3255DB-4C44-47D0-B217-DDB05403850B}.ReleaseKopiLua|Mixed Platforms.Build.0 = Release|x86
		{BE3255DB-4C44-47D0-B217-DDB05403850B}.ReleaseKopiLua|Win32.ActiveCfg = Release|x86
		{BE3255DB-4C44-47D0-B217-DDB05403850B}.ReleaseKopiLua|Win32.Build.0 = Release|x86
		{BE3255DB-4C44-47D0-B217-DDB05403850B}.ReleaseKopiLua|x86.ActiveCfg = Release|x86
		{BE3255DB-4C44-47D0-B217-DDB05403850B}.ReleaseKopiLua|x86.Build.0 = Release|x86
		{BE3255DB-4C44-47D0-B217-DDB05403850B}.x86 Release|Any CPU.ActiveCfg = x86 Release|Any CPU
		{BE3255DB-4C44-47D0-B217-DDB05403850B}.x86 Release|Any CPU.Build.0 = x86 Release|Any CPU
		{BE3255DB-4C44-47D0-B217-DDB05403850B}.x86 Release|Mixed Platforms.ActiveCfg = x86 Release|x86
		{BE3255DB-4C44-47D0-B217-DDB05403850B}.x86 Release|Mixed Platforms.Build.0 = x86 Release|x86
		{BE3255DB-4C44-47D0-B217-DDB05403850B}.x86 Release|Win32.ActiveCfg = x86 Release|x86
		{BE3255DB-4C44-47D0-B217-DDB05403850B}.x86 Release|x86.ActiveCfg = x86 Release|x86
		{BE3255DB-4C44-47D0-B217-DDB05403850B}.x86 Release|x86.Build.0 = x86 Release|x86
		{83E02153-B560-4607-A1F6-70A2826AD39E}.Debug|Any CPU.ActiveCfg = Debug|Any CPU
		{83E02153-B560-4607-A1F6-70A2826AD39E}.Debug|Any CPU.Build.0 = Debug|Any CPU
		{83E02153-B560-4607-A1F6-70A2826AD39E}.Debug|Mixed Platforms.ActiveCfg = Debug|Any CPU
		{83E02153-B560-4607-A1F6-70A2826AD39E}.Debug|Mixed Platforms.Build.0 = Debug|Any CPU
		{83E02153-B560-4607-A1F6-70A2826AD39E}.Debug|Win32.ActiveCfg = Debug|Any CPU
		{83E02153-B560-4607-A1F6-70A2826AD39E}.Debug|x86.ActiveCfg = Debug|Any CPU
		{83E02153-B560-4607-A1F6-70A2826AD39E}.DebugKopiLua|Any CPU.ActiveCfg = Debug|Any CPU
		{83E02153-B560-4607-A1F6-70A2826AD39E}.DebugKopiLua|Any CPU.Build.0 = Debug|Any CPU
		{83E02153-B560-4607-A1F6-70A2826AD39E}.DebugKopiLua|Mixed Platforms.ActiveCfg = Debug|Any CPU
		{83E02153-B560-4607-A1F6-70A2826AD39E}.DebugKopiLua|Mixed Platforms.Build.0 = Debug|Any CPU
		{83E02153-B560-4607-A1F6-70A2826AD39E}.DebugKopiLua|Win32.ActiveCfg = Debug|Any CPU
		{83E02153-B560-4607-A1F6-70A2826AD39E}.DebugKopiLua|x86.ActiveCfg = Debug|Any CPU
		{83E02153-B560-4607-A1F6-70A2826AD39E}.Release|Any CPU.ActiveCfg = Release|Any CPU
		{83E02153-B560-4607-A1F6-70A2826AD39E}.Release|Any CPU.Build.0 = Release|Any CPU
		{83E02153-B560-4607-A1F6-70A2826AD39E}.Release|Mixed Platforms.ActiveCfg = Release|Any CPU
		{83E02153-B560-4607-A1F6-70A2826AD39E}.Release|Mixed Platforms.Build.0 = Release|Any CPU
		{83E02153-B560-4607-A1F6-70A2826AD39E}.Release|Win32.ActiveCfg = Release|Any CPU
		{83E02153-B560-4607-A1F6-70A2826AD39E}.Release|x86.ActiveCfg = Release|Any CPU
		{83E02153-B560-4607-A1F6-70A2826AD39E}.ReleaseKopiLua|Any CPU.ActiveCfg = Release|Any CPU
		{83E02153-B560-4607-A1F6-70A2826AD39E}.ReleaseKopiLua|Any CPU.Build.0 = Release|Any CPU
		{83E02153-B560-4607-A1F6-70A2826AD39E}.ReleaseKopiLua|Mixed Platforms.ActiveCfg = Release|Any CPU
		{83E02153-B560-4607-A1F6-70A2826AD39E}.ReleaseKopiLua|Mixed Platforms.Build.0 = Release|Any CPU
		{83E02153-B560-4607-A1F6-70A2826AD39E}.ReleaseKopiLua|Win32.ActiveCfg = Release|Any CPU
		{83E02153-B560-4607-A1F6-70A2826AD39E}.ReleaseKopiLua|x86.ActiveCfg = Release|Any CPU
		{83E02153-B560-4607-A1F6-70A2826AD39E}.x86 Release|Any CPU.ActiveCfg = Release|Any CPU
		{83E02153-B560-4607-A1F6-70A2826AD39E}.x86 Release|Any CPU.Build.0 = Release|Any CPU
		{83E02153-B560-4607-A1F6-70A2826AD39E}.x86 Release|Mixed Platforms.ActiveCfg = Release|Any CPU
		{83E02153-B560-4607-A1F6-70A2826AD39E}.x86 Release|Mixed Platforms.Build.0 = Release|Any CPU
		{83E02153-B560-4607-A1F6-70A2826AD39E}.x86 Release|Win32.ActiveCfg = Release|Any CPU
		{83E02153-B560-4607-A1F6-70A2826AD39E}.x86 Release|x86.ActiveCfg = Release|Any CPU
		{41B4D9F3-5AE3-4CF6-97AE-A014ACFA1E1A}.Debug|Any CPU.ActiveCfg = Debug|Any CPU
		{41B4D9F3-5AE3-4CF6-97AE-A014ACFA1E1A}.Debug|Any CPU.Build.0 = Debug|Any CPU
		{41B4D9F3-5AE3-4CF6-97AE-A014ACFA1E1A}.Debug|Mixed Platforms.ActiveCfg = Debug|x86
		{41B4D9F3-5AE3-4CF6-97AE-A014ACFA1E1A}.Debug|Mixed Platforms.Build.0 = Debug|x86
		{41B4D9F3-5AE3-4CF6-97AE-A014ACFA1E1A}.Debug|Win32.ActiveCfg = Debug|x86
		{41B4D9F3-5AE3-4CF6-97AE-A014ACFA1E1A}.Debug|Win32.Build.0 = Debug|x86
		{41B4D9F3-5AE3-4CF6-97AE-A014ACFA1E1A}.Debug|x86.ActiveCfg = Debug|x86
		{41B4D9F3-5AE3-4CF6-97AE-A014ACFA1E1A}.Debug|x86.Build.0 = Debug|x86
		{41B4D9F3-5AE3-4CF6-97AE-A014ACFA1E1A}.DebugKopiLua|Any CPU.ActiveCfg = Debug|Any CPU
		{41B4D9F3-5AE3-4CF6-97AE-A014ACFA1E1A}.DebugKopiLua|Any CPU.Build.0 = Debug|Any CPU
		{41B4D9F3-5AE3-4CF6-97AE-A014ACFA1E1A}.DebugKopiLua|Mixed Platforms.ActiveCfg = Debug|x86
		{41B4D9F3-5AE3-4CF6-97AE-A014ACFA1E1A}.DebugKopiLua|Mixed Platforms.Build.0 = Debug|x86
		{41B4D9F3-5AE3-4CF6-97AE-A014ACFA1E1A}.DebugKopiLua|Win32.ActiveCfg = Debug|x86
		{41B4D9F3-5AE3-4CF6-97AE-A014ACFA1E1A}.DebugKopiLua|Win32.Build.0 = Debug|x86
		{41B4D9F3-5AE3-4CF6-97AE-A014ACFA1E1A}.DebugKopiLua|x86.ActiveCfg = Debug|x86
		{41B4D9F3-5AE3-4CF6-97AE-A014ACFA1E1A}.DebugKopiLua|x86.Build.0 = Debug|x86
		{41B4D9F3-5AE3-4CF6-97AE-A014ACFA1E1A}.Release|Any CPU.ActiveCfg = Release|Any CPU
		{41B4D9F3-5AE3-4CF6-97AE-A014ACFA1E1A}.Release|Any CPU.Build.0 = Release|Any CPU
		{41B4D9F3-5AE3-4CF6-97AE-A014ACFA1E1A}.Release|Mixed Platforms.ActiveCfg = Release|x86
		{41B4D9F3-5AE3-4CF6-97AE-A014ACFA1E1A}.Release|Mixed Platforms.Build.0 = Release|x86
		{41B4D9F3-5AE3-4CF6-97AE-A014ACFA1E1A}.Release|Win32.ActiveCfg = Release|x86
		{41B4D9F3-5AE3-4CF6-97AE-A014ACFA1E1A}.Release|Win32.Build.0 = Release|x86
		{41B4D9F3-5AE3-4CF6-97AE-A014ACFA1E1A}.Release|x86.ActiveCfg = Release|x86
		{41B4D9F3-5AE3-4CF6-97AE-A014ACFA1E1A}.Release|x86.Build.0 = Release|x86
		{41B4D9F3-5AE3-4CF6-97AE-A014ACFA1E1A}.ReleaseKopiLua|Any CPU.ActiveCfg = Release|Any CPU
		{41B4D9F3-5AE3-4CF6-97AE-A014ACFA1E1A}.ReleaseKopiLua|Any CPU.Build.0 = Release|Any CPU
		{41B4D9F3-5AE3-4CF6-97AE-A014ACFA1E1A}.ReleaseKopiLua|Mixed Platforms.ActiveCfg = Release|x86
		{41B4D9F3-5AE3-4CF6-97AE-A014ACFA1E1A}.ReleaseKopiLua|Mixed Platforms.Build.0 = Release|x86
		{41B4D9F3-5AE3-4CF6-97AE-A014ACFA1E1A}.ReleaseKopiLua|Win32.ActiveCfg = Release|x86
		{41B4D9F3-5AE3-4CF6-97AE-A014ACFA1E1A}.ReleaseKopiLua|Win32.Build.0 = Release|x86
		{41B4D9F3-5AE3-4CF6-97AE-A014ACFA1E1A}.ReleaseKopiLua|x86.ActiveCfg = Release|x86
		{41B4D9F3-5AE3-4CF6-97AE-A014ACFA1E1A}.ReleaseKopiLua|x86.Build.0 = Release|x86
		{41B4D9F3-5AE3-4CF6-97AE-A014ACFA1E1A}.x86 Release|Any CPU.ActiveCfg = x86 Release|Any CPU
		{41B4D9F3-5AE3-4CF6-97AE-A014ACFA1E1A}.x86 Release|Any CPU.Build.0 = x86 Release|Any CPU
		{41B4D9F3-5AE3-4CF6-97AE-A014ACFA1E1A}.x86 Release|Mixed Platforms.ActiveCfg = x86 Release|x86
		{41B4D9F3-5AE3-4CF6-97AE-A014ACFA1E1A}.x86 Release|Mixed Platforms.Build.0 = x86 Release|x86
		{41B4D9F3-5AE3-4CF6-97AE-A014ACFA1E1A}.x86 Release|Win32.ActiveCfg = x86 Release|x86
		{41B4D9F3-5AE3-4CF6-97AE-A014ACFA1E1A}.x86 Release|Win32.Build.0 = x86 Release|x86
		{41B4D9F3-5AE3-4CF6-97AE-A014ACFA1E1A}.x86 Release|x86.ActiveCfg = x86 Release|x86
		{41B4D9F3-5AE3-4CF6-97AE-A014ACFA1E1A}.x86 Release|x86.Build.0 = x86 Release|x86
		{41B4D9F3-5AE3-4CF6-97AE-A014ACFA1A1A}.Debug|Any CPU.ActiveCfg = Debug|Any CPU
		{41B4D9F3-5AE3-4CF6-97AE-A014ACFA1A1A}.Debug|Any CPU.Build.0 = Debug|Any CPU
		{41B4D9F3-5AE3-4CF6-97AE-A014ACFA1A1A}.Debug|Mixed Platforms.ActiveCfg = Debug|x86
		{41B4D9F3-5AE3-4CF6-97AE-A014ACFA1A1A}.Debug|Mixed Platforms.Build.0 = Debug|x86
		{41B4D9F3-5AE3-4CF6-97AE-A014ACFA1A1A}.Debug|Win32.ActiveCfg = Debug|x86
		{41B4D9F3-5AE3-4CF6-97AE-A014ACFA1A1A}.Debug|Win32.Build.0 = Debug|x86
		{41B4D9F3-5AE3-4CF6-97AE-A014ACFA1A1A}.Debug|x86.ActiveCfg = Debug|x86
		{41B4D9F3-5AE3-4CF6-97AE-A014ACFA1A1A}.Debug|x86.Build.0 = Debug|x86
		{41B4D9F3-5AE3-4CF6-97AE-A014ACFA1A1A}.DebugKopiLua|Any CPU.ActiveCfg = Debug|Any CPU
		{41B4D9F3-5AE3-4CF6-97AE-A014ACFA1A1A}.DebugKopiLua|Any CPU.Build.0 = Debug|Any CPU
		{41B4D9F3-5AE3-4CF6-97AE-A014ACFA1A1A}.DebugKopiLua|Mixed Platforms.ActiveCfg = Debug|x86
		{41B4D9F3-5AE3-4CF6-97AE-A014ACFA1A1A}.DebugKopiLua|Mixed Platforms.Build.0 = Debug|x86
		{41B4D9F3-5AE3-4CF6-97AE-A014ACFA1A1A}.DebugKopiLua|Win32.ActiveCfg = Debug|x86
		{41B4D9F3-5AE3-4CF6-97AE-A014ACFA1A1A}.DebugKopiLua|Win32.Build.0 = Debug|x86
		{41B4D9F3-5AE3-4CF6-97AE-A014ACFA1A1A}.DebugKopiLua|x86.ActiveCfg = Debug|x86
		{41B4D9F3-5AE3-4CF6-97AE-A014ACFA1A1A}.DebugKopiLua|x86.Build.0 = Debug|x86
		{41B4D9F3-5AE3-4CF6-97AE-A014ACFA1A1A}.Release|Any CPU.ActiveCfg = Release|Any CPU
		{41B4D9F3-5AE3-4CF6-97AE-A014ACFA1A1A}.Release|Any CPU.Build.0 = Release|Any CPU
		{41B4D9F3-5AE3-4CF6-97AE-A014ACFA1A1A}.Release|Mixed Platforms.ActiveCfg = Release|x86
		{41B4D9F3-5AE3-4CF6-97AE-A014ACFA1A1A}.Release|Mixed Platforms.Build.0 = Release|x86
		{41B4D9F3-5AE3-4CF6-97AE-A014ACFA1A1A}.Release|Win32.ActiveCfg = Release|x86
		{41B4D9F3-5AE3-4CF6-97AE-A014ACFA1A1A}.Release|Win32.Build.0 = Release|x86
		{41B4D9F3-5AE3-4CF6-97AE-A014ACFA1A1A}.Release|x86.ActiveCfg = Release|x86
		{41B4D9F3-5AE3-4CF6-97AE-A014ACFA1A1A}.Release|x86.Build.0 = Release|x86
		{41B4D9F3-5AE3-4CF6-97AE-A014ACFA1A1A}.ReleaseKopiLua|Any CPU.ActiveCfg = Release|Any CPU
		{41B4D9F3-5AE3-4CF6-97AE-A014ACFA1A1A}.ReleaseKopiLua|Any CPU.Build.0 = Release|Any CPU
		{41B4D9F3-5AE3-4CF6-97AE-A014ACFA1A1A}.ReleaseKopiLua|Mixed Platforms.ActiveCfg = Release|x86
		{41B4D9F3-5AE3-4CF6-97AE-A014ACFA1A1A}.ReleaseKopiLua|Mixed Platforms.Build.0 = Release|x86
		{41B4D9F3-5AE3-4CF6-97AE-A014ACFA1A1A}.ReleaseKopiLua|Win32.ActiveCfg = Release|x86
		{41B4D9F3-5AE3-4CF6-97AE-A014ACFA1A1A}.ReleaseKopiLua|Win32.Build.0 = Release|x86
		{41B4D9F3-5AE3-4CF6-97AE-A014ACFA1A1A}.ReleaseKopiLua|x86.ActiveCfg = Release|x86
		{41B4D9F3-5AE3-4CF6-97AE-A014ACFA1A1A}.ReleaseKopiLua|x86.Build.0 = Release|x86
		{41B4D9F3-5AE3-4CF6-97AE-A014ACFA1A1A}.x86 Release|Any CPU.ActiveCfg = x86 Release|Any CPU
		{41B4D9F3-5AE3-4CF6-97AE-A014ACFA1A1A}.x86 Release|Any CPU.Build.0 = x86 Release|Any CPU
		{41B4D9F3-5AE3-4CF6-97AE-A014ACFA1A1A}.x86 Release|Mixed Platforms.ActiveCfg = x86 Release|x86
		{41B4D9F3-5AE3-4CF6-97AE-A014ACFA1A1A}.x86 Release|Mixed Platforms.Build.0 = x86 Release|x86
		{41B4D9F3-5AE3-4CF6-97AE-A014ACFA1A1A}.x86 Release|Win32.ActiveCfg = x86 Release|x86
		{41B4D9F3-5AE3-4CF6-97AE-A014ACFA1A1A}.x86 Release|Win32.Build.0 = x86 Release|x86
		{41B4D9F3-5AE3-4CF6-97AE-A014ACFA1A1A}.x86 Release|x86.ActiveCfg = x86 Release|x86
		{41B4D9F3-5AE3-4CF6-97AE-A014ACFA1A1A}.x86 Release|x86.Build.0 = x86 Release|x86
		{564193E5-7095-439B-BE1B-146AB0A1FB7E}.Debug|Any CPU.ActiveCfg = Debug|Any CPU
		{564193E5-7095-439B-BE1B-146AB0A1FB7E}.Debug|Any CPU.Build.0 = Debug|Any CPU
		{564193E5-7095-439B-BE1B-146AB0A1FB7E}.Debug|Mixed Platforms.ActiveCfg = Debug|Any CPU
		{564193E5-7095-439B-BE1B-146AB0A1FB7E}.Debug|Mixed Platforms.Build.0 = Debug|Any CPU
		{564193E5-7095-439B-BE1B-146AB0A1FB7E}.Debug|Win32.ActiveCfg = Debug|Any CPU
		{564193E5-7095-439B-BE1B-146AB0A1FB7E}.Debug|x86.ActiveCfg = Debug|Any CPU
		{564193E5-7095-439B-BE1B-146AB0A1FB7E}.DebugKopiLua|Any CPU.ActiveCfg = Debug|Any CPU
		{564193E5-7095-439B-BE1B-146AB0A1FB7E}.DebugKopiLua|Any CPU.Build.0 = Debug|Any CPU
		{564193E5-7095-439B-BE1B-146AB0A1FB7E}.DebugKopiLua|Mixed Platforms.ActiveCfg = Debug|Any CPU
		{564193E5-7095-439B-BE1B-146AB0A1FB7E}.DebugKopiLua|Mixed Platforms.Build.0 = Debug|Any CPU
		{564193E5-7095-439B-BE1B-146AB0A1FB7E}.DebugKopiLua|Win32.ActiveCfg = Debug|Any CPU
		{564193E5-7095-439B-BE1B-146AB0A1FB7E}.DebugKopiLua|x86.ActiveCfg = Debug|Any CPU
		{564193E5-7095-439B-BE1B-146AB0A1FB7E}.Release|Any CPU.ActiveCfg = Release|Any CPU
		{564193E5-7095-439B-BE1B-146AB0A1FB7E}.Release|Any CPU.Build.0 = Release|Any CPU
		{564193E5-7095-439B-BE1B-146AB0A1FB7E}.Release|Mixed Platforms.ActiveCfg = Release|Any CPU
		{564193E5-7095-439B-BE1B-146AB0A1FB7E}.Release|Mixed Platforms.Build.0 = Release|Any CPU
		{564193E5-7095-439B-BE1B-146AB0A1FB7E}.Release|Win32.ActiveCfg = Release|Any CPU
		{564193E5-7095-439B-BE1B-146AB0A1FB7E}.Release|x86.ActiveCfg = Release|Any CPU
		{564193E5-7095-439B-BE1B-146AB0A1FB7E}.ReleaseKopiLua|Any CPU.ActiveCfg = Release|Any CPU
		{564193E5-7095-439B-BE1B-146AB0A1FB7E}.ReleaseKopiLua|Any CPU.Build.0 = Release|Any CPU
		{564193E5-7095-439B-BE1B-146AB0A1FB7E}.ReleaseKopiLua|Mixed Platforms.ActiveCfg = Release|Any CPU
		{564193E5-7095-439B-BE1B-146AB0A1FB7E}.ReleaseKopiLua|Mixed Platforms.Build.0 = Release|Any CPU
		{564193E5-7095-439B-BE1B-146AB0A1FB7E}.ReleaseKopiLua|Win32.ActiveCfg = Release|Any CPU
		{564193E5-7095-439B-BE1B-146AB0A1FB7E}.ReleaseKopiLua|x86.ActiveCfg = Release|Any CPU
		{564193E5-7095-439B-BE1B-146AB0A1FB7E}.x86 Release|Any CPU.ActiveCfg = Release|Any CPU
		{564193E5-7095-439B-BE1B-146AB0A1FB7E}.x86 Release|Any CPU.Build.0 = Release|Any CPU
		{564193E5-7095-439B-BE1B-146AB0A1FB7E}.x86 Release|Mixed Platforms.ActiveCfg = Release|Any CPU
		{564193E5-7095-439B-BE1B-146AB0A1FB7E}.x86 Release|Mixed Platforms.Build.0 = Release|Any CPU
		{564193E5-7095-439B-BE1B-146AB0A1FB7E}.x86 Release|Win32.ActiveCfg = Release|Any CPU
		{564193E5-7095-439B-BE1B-146AB0A1FB7E}.x86 Release|x86.ActiveCfg = Release|Any CPU
		{41B4D9F3-5AE9-4CF6-97AE-A014ACFA1E1A}.Debug|Any CPU.ActiveCfg = Debug|Any CPU
		{41B4D9F3-5AE9-4CF6-97AE-A014ACFA1E1A}.Debug|Any CPU.Build.0 = Debug|Any CPU
		{41B4D9F3-5AE9-4CF6-97AE-A014ACFA1E1A}.Debug|Mixed Platforms.ActiveCfg = Debug|x86
		{41B4D9F3-5AE9-4CF6-97AE-A014ACFA1E1A}.Debug|Mixed Platforms.Build.0 = Debug|x86
		{41B4D9F3-5AE9-4CF6-97AE-A014ACFA1E1A}.Debug|Win32.ActiveCfg = Debug|x86
		{41B4D9F3-5AE9-4CF6-97AE-A014ACFA1E1A}.Debug|Win32.Build.0 = Debug|x86
		{41B4D9F3-5AE9-4CF6-97AE-A014ACFA1E1A}.Debug|x86.ActiveCfg = Debug|x86
		{41B4D9F3-5AE9-4CF6-97AE-A014ACFA1E1A}.Debug|x86.Build.0 = Debug|x86
		{41B4D9F3-5AE9-4CF6-97AE-A014ACFA1E1A}.DebugKopiLua|Any CPU.ActiveCfg = Debug|Any CPU
		{41B4D9F3-5AE9-4CF6-97AE-A014ACFA1E1A}.DebugKopiLua|Any CPU.Build.0 = Debug|Any CPU
		{41B4D9F3-5AE9-4CF6-97AE-A014ACFA1E1A}.DebugKopiLua|Mixed Platforms.ActiveCfg = Debug|x86
		{41B4D9F3-5AE9-4CF6-97AE-A014ACFA1E1A}.DebugKopiLua|Mixed Platforms.Build.0 = Debug|x86
		{41B4D9F3-5AE9-4CF6-97AE-A014ACFA1E1A}.DebugKopiLua|Win32.ActiveCfg = Debug|x86
		{41B4D9F3-5AE9-4CF6-97AE-A014ACFA1E1A}.DebugKopiLua|Win32.Build.0 = Debug|x86
		{41B4D9F3-5AE9-4CF6-97AE-A014ACFA1E1A}.DebugKopiLua|x86.ActiveCfg = Debug|x86
		{41B4D9F3-5AE9-4CF6-97AE-A014ACFA1E1A}.DebugKopiLua|x86.Build.0 = Debug|x86
		{41B4D9F3-5AE9-4CF6-97AE-A014ACFA1E1A}.Release|Any CPU.ActiveCfg = Release|Any CPU
		{41B4D9F3-5AE9-4CF6-97AE-A014ACFA1E1A}.Release|Any CPU.Build.0 = Release|Any CPU
		{41B4D9F3-5AE9-4CF6-97AE-A014ACFA1E1A}.Release|Mixed Platforms.ActiveCfg = Release|x86
		{41B4D9F3-5AE9-4CF6-97AE-A014ACFA1E1A}.Release|Mixed Platforms.Build.0 = Release|x86
		{41B4D9F3-5AE9-4CF6-97AE-A014ACFA1E1A}.Release|Win32.ActiveCfg = Release|x86
		{41B4D9F3-5AE9-4CF6-97AE-A014ACFA1E1A}.Release|Win32.Build.0 = Release|x86
		{41B4D9F3-5AE9-4CF6-97AE-A014ACFA1E1A}.Release|x86.ActiveCfg = Release|x86
		{41B4D9F3-5AE9-4CF6-97AE-A014ACFA1E1A}.Release|x86.Build.0 = Release|x86
		{41B4D9F3-5AE9-4CF6-97AE-A014ACFA1E1A}.ReleaseKopiLua|Any CPU.ActiveCfg = Release|Any CPU
		{41B4D9F3-5AE9-4CF6-97AE-A014ACFA1E1A}.ReleaseKopiLua|Any CPU.Build.0 = Release|Any CPU
		{41B4D9F3-5AE9-4CF6-97AE-A014ACFA1E1A}.ReleaseKopiLua|Mixed Platforms.ActiveCfg = Release|x86
		{41B4D9F3-5AE9-4CF6-97AE-A014ACFA1E1A}.ReleaseKopiLua|Mixed Platforms.Build.0 = Release|x86
		{41B4D9F3-5AE9-4CF6-97AE-A014ACFA1E1A}.ReleaseKopiLua|Win32.ActiveCfg = Release|x86
		{41B4D9F3-5AE9-4CF6-97AE-A014ACFA1E1A}.ReleaseKopiLua|Win32.Build.0 = Release|x86
		{41B4D9F3-5AE9-4CF6-97AE-A014ACFA1E1A}.ReleaseKopiLua|x86.ActiveCfg = Release|x86
		{41B4D9F3-5AE9-4CF6-97AE-A014ACFA1E1A}.ReleaseKopiLua|x86.Build.0 = Release|x86
		{41B4D9F3-5AE9-4CF6-97AE-A014ACFA1E1A}.x86 Release|Any CPU.ActiveCfg = x86 Release|Any CPU
		{41B4D9F3-5AE9-4CF6-97AE-A014ACFA1E1A}.x86 Release|Any CPU.Build.0 = x86 Release|Any CPU
		{41B4D9F3-5AE9-4CF6-97AE-A014ACFA1E1A}.x86 Release|Mixed Platforms.ActiveCfg = x86 Release|x86
		{41B4D9F3-5AE9-4CF6-97AE-A014ACFA1E1A}.x86 Release|Mixed Platforms.Build.0 = x86 Release|x86
		{41B4D9F3-5AE9-4CF6-97AE-A014ACFA1E1A}.x86 Release|Win32.ActiveCfg = x86 Release|x86
		{41B4D9F3-5AE9-4CF6-97AE-A014ACFA1E1A}.x86 Release|Win32.Build.0 = x86 Release|x86
		{41B4D9F3-5AE9-4CF6-97AE-A014ACFA1E1A}.x86 Release|x86.ActiveCfg = x86 Release|x86
		{41B4D9F3-5AE9-4CF6-97AE-A014ACFA1E1A}.x86 Release|x86.Build.0 = x86 Release|x86
		{41B4D9C3-1AE3-4CF6-97AE-A014ACFA1E7A}.Debug|Any CPU.ActiveCfg = Debug|Any CPU
		{41B4D9C3-1AE3-4CF6-97AE-A014ACFA1E7A}.Debug|Any CPU.Build.0 = Debug|Any CPU
		{41B4D9C3-1AE3-4CF6-97AE-A014ACFA1E7A}.Debug|Mixed Platforms.ActiveCfg = Debug|x86
		{41B4D9C3-1AE3-4CF6-97AE-A014ACFA1E7A}.Debug|Mixed Platforms.Build.0 = Debug|x86
		{41B4D9C3-1AE3-4CF6-97AE-A014ACFA1E7A}.Debug|Win32.ActiveCfg = Debug|x86
		{41B4D9C3-1AE3-4CF6-97AE-A014ACFA1E7A}.Debug|Win32.Build.0 = Debug|x86
		{41B4D9C3-1AE3-4CF6-97AE-A014ACFA1E7A}.Debug|x86.ActiveCfg = Debug|x86
		{41B4D9C3-1AE3-4CF6-97AE-A014ACFA1E7A}.Debug|x86.Build.0 = Debug|x86
		{41B4D9C3-1AE3-4CF6-97AE-A014ACFA1E7A}.DebugKopiLua|Any CPU.ActiveCfg = Debug|Any CPU
		{41B4D9C3-1AE3-4CF6-97AE-A014ACFA1E7A}.DebugKopiLua|Any CPU.Build.0 = Debug|Any CPU
		{41B4D9C3-1AE3-4CF6-97AE-A014ACFA1E7A}.DebugKopiLua|Mixed Platforms.ActiveCfg = Debug|x86
		{41B4D9C3-1AE3-4CF6-97AE-A014ACFA1E7A}.DebugKopiLua|Mixed Platforms.Build.0 = Debug|x86
		{41B4D9C3-1AE3-4CF6-97AE-A014ACFA1E7A}.DebugKopiLua|Win32.ActiveCfg = Debug|x86
		{41B4D9C3-1AE3-4CF6-97AE-A014ACFA1E7A}.DebugKopiLua|Win32.Build.0 = Debug|x86
		{41B4D9C3-1AE3-4CF6-97AE-A014ACFA1E7A}.DebugKopiLua|x86.ActiveCfg = Debug|x86
		{41B4D9C3-1AE3-4CF6-97AE-A014ACFA1E7A}.DebugKopiLua|x86.Build.0 = Debug|x86
		{41B4D9C3-1AE3-4CF6-97AE-A014ACFA1E7A}.Release|Any CPU.ActiveCfg = Release|Any CPU
		{41B4D9C3-1AE3-4CF6-97AE-A014ACFA1E7A}.Release|Any CPU.Build.0 = Release|Any CPU
		{41B4D9C3-1AE3-4CF6-97AE-A014ACFA1E7A}.Release|Mixed Platforms.ActiveCfg = Release|x86
		{41B4D9C3-1AE3-4CF6-97AE-A014ACFA1E7A}.Release|Mixed Platforms.Build.0 = Release|x86
		{41B4D9C3-1AE3-4CF6-97AE-A014ACFA1E7A}.Release|Win32.ActiveCfg = Release|x86
		{41B4D9C3-1AE3-4CF6-97AE-A014ACFA1E7A}.Release|Win32.Build.0 = Release|x86
		{41B4D9C3-1AE3-4CF6-97AE-A014ACFA1E7A}.Release|x86.ActiveCfg = Release|x86
		{41B4D9C3-1AE3-4CF6-97AE-A014ACFA1E7A}.Release|x86.Build.0 = Release|x86
		{41B4D9C3-1AE3-4CF6-97AE-A014ACFA1E7A}.ReleaseKopiLua|Any CPU.ActiveCfg = Release|Any CPU
		{41B4D9C3-1AE3-4CF6-97AE-A014ACFA1E7A}.ReleaseKopiLua|Any CPU.Build.0 = Release|Any CPU
		{41B4D9C3-1AE3-4CF6-97AE-A014ACFA1E7A}.ReleaseKopiLua|Mixed Platforms.ActiveCfg = Release|x86
		{41B4D9C3-1AE3-4CF6-97AE-A014ACFA1E7A}.ReleaseKopiLua|Mixed Platforms.Build.0 = Release|x86
		{41B4D9C3-1AE3-4CF6-97AE-A014ACFA1E7A}.ReleaseKopiLua|Win32.ActiveCfg = Release|x86
		{41B4D9C3-1AE3-4CF6-97AE-A014ACFA1E7A}.ReleaseKopiLua|Win32.Build.0 = Release|x86
		{41B4D9C3-1AE3-4CF6-97AE-A014ACFA1E7A}.ReleaseKopiLua|x86.ActiveCfg = Release|x86
		{41B4D9C3-1AE3-4CF6-97AE-A014ACFA1E7A}.ReleaseKopiLua|x86.Build.0 = Release|x86
		{41B4D9C3-1AE3-4CF6-97AE-A014ACFA1E7A}.x86 Release|Any CPU.ActiveCfg = x86 Release|Any CPU
		{41B4D9C3-1AE3-4CF6-97AE-A014ACFA1E7A}.x86 Release|Any CPU.Build.0 = x86 Release|Any CPU
		{41B4D9C3-1AE3-4CF6-97AE-A014ACFA1E7A}.x86 Release|Mixed Platforms.ActiveCfg = x86 Release|x86
		{41B4D9C3-1AE3-4CF6-97AE-A014ACFA1E7A}.x86 Release|Mixed Platforms.Build.0 = x86 Release|x86
		{41B4D9C3-1AE3-4CF6-97AE-A014ACFA1E7A}.x86 Release|Win32.ActiveCfg = x86 Release|x86
		{41B4D9C3-1AE3-4CF6-97AE-A014ACFA1E7A}.x86 Release|Win32.Build.0 = x86 Release|x86
		{41B4D9C3-1AE3-4CF6-97AE-A014ACFA1E7A}.x86 Release|x86.ActiveCfg = x86 Release|x86
		{41B4D9C3-1AE3-4CF6-97AE-A014ACFA1E7A}.x86 Release|x86.Build.0 = x86 Release|x86
		{5A61AB25-68F6-4BDF-ABAD-DA12C2A04A49}.Debug|Any CPU.ActiveCfg = Debug|Any CPU
		{5A61AB25-68F6-4BDF-ABAD-DA12C2A04A49}.Debug|Any CPU.Build.0 = Debug|Any CPU
		{5A61AB25-68F6-4BDF-ABAD-DA12C2A04A49}.Debug|Mixed Platforms.ActiveCfg = Debug|x86
		{5A61AB25-68F6-4BDF-ABAD-DA12C2A04A49}.Debug|Mixed Platforms.Build.0 = Debug|x86
		{5A61AB25-68F6-4BDF-ABAD-DA12C2A04A49}.Debug|Win32.ActiveCfg = Debug|x86
		{5A61AB25-68F6-4BDF-ABAD-DA12C2A04A49}.Debug|Win32.Build.0 = Debug|x86
		{5A61AB25-68F6-4BDF-ABAD-DA12C2A04A49}.Debug|x86.ActiveCfg = Debug|x86
		{5A61AB25-68F6-4BDF-ABAD-DA12C2A04A49}.Debug|x86.Build.0 = Debug|x86
		{5A61AB25-68F6-4BDF-ABAD-DA12C2A04A49}.DebugKopiLua|Any CPU.ActiveCfg = Debug|Any CPU
		{5A61AB25-68F6-4BDF-ABAD-DA12C2A04A49}.DebugKopiLua|Any CPU.Build.0 = Debug|Any CPU
		{5A61AB25-68F6-4BDF-ABAD-DA12C2A04A49}.DebugKopiLua|Mixed Platforms.ActiveCfg = Debug|x86
		{5A61AB25-68F6-4BDF-ABAD-DA12C2A04A49}.DebugKopiLua|Mixed Platforms.Build.0 = Debug|x86
		{5A61AB25-68F6-4BDF-ABAD-DA12C2A04A49}.DebugKopiLua|Win32.ActiveCfg = Debug|x86
		{5A61AB25-68F6-4BDF-ABAD-DA12C2A04A49}.DebugKopiLua|Win32.Build.0 = Debug|x86
		{5A61AB25-68F6-4BDF-ABAD-DA12C2A04A49}.DebugKopiLua|x86.ActiveCfg = Debug|x86
		{5A61AB25-68F6-4BDF-ABAD-DA12C2A04A49}.DebugKopiLua|x86.Build.0 = Debug|x86
		{5A61AB25-68F6-4BDF-ABAD-DA12C2A04A49}.Release|Any CPU.ActiveCfg = Release|Any CPU
		{5A61AB25-68F6-4BDF-ABAD-DA12C2A04A49}.Release|Any CPU.Build.0 = Release|Any CPU
		{5A61AB25-68F6-4BDF-ABAD-DA12C2A04A49}.Release|Mixed Platforms.ActiveCfg = Release|x86
		{5A61AB25-68F6-4BDF-ABAD-DA12C2A04A49}.Release|Mixed Platforms.Build.0 = Release|x86
		{5A61AB25-68F6-4BDF-ABAD-DA12C2A04A49}.Release|Win32.ActiveCfg = Release|x86
		{5A61AB25-68F6-4BDF-ABAD-DA12C2A04A49}.Release|Win32.Build.0 = Release|x86
		{5A61AB25-68F6-4BDF-ABAD-DA12C2A04A49}.Release|x86.ActiveCfg = Release|x86
		{5A61AB25-68F6-4BDF-ABAD-DA12C2A04A49}.Release|x86.Build.0 = Release|x86
		{5A61AB25-68F6-4BDF-ABAD-DA12C2A04A49}.ReleaseKopiLua|Any CPU.ActiveCfg = Release|Any CPU
		{5A61AB25-68F6-4BDF-ABAD-DA12C2A04A49}.ReleaseKopiLua|Any CPU.Build.0 = Release|Any CPU
		{5A61AB25-68F6-4BDF-ABAD-DA12C2A04A49}.ReleaseKopiLua|Mixed Platforms.ActiveCfg = Release|x86
		{5A61AB25-68F6-4BDF-ABAD-DA12C2A04A49}.ReleaseKopiLua|Mixed Platforms.Build.0 = Release|x86
		{5A61AB25-68F6-4BDF-ABAD-DA12C2A04A49}.ReleaseKopiLua|Win32.ActiveCfg = Release|x86
		{5A61AB25-68F6-4BDF-ABAD-DA12C2A04A49}.ReleaseKopiLua|Win32.Build.0 = Release|x86
		{5A61AB25-68F6-4BDF-ABAD-DA12C2A04A49}.ReleaseKopiLua|x86.ActiveCfg = Release|x86
		{5A61AB25-68F6-4BDF-ABAD-DA12C2A04A49}.ReleaseKopiLua|x86.Build.0 = Release|x86
		{5A61AB25-68F6-4BDF-ABAD-DA12C2A04A49}.x86 Release|Any CPU.ActiveCfg = x86 Release|Any CPU
		{5A61AB25-68F6-4BDF-ABAD-DA12C2A04A49}.x86 Release|Any CPU.Build.0 = x86 Release|Any CPU
		{5A61AB25-68F6-4BDF-ABAD-DA12C2A04A49}.x86 Release|Mixed Platforms.ActiveCfg = x86 Release|x86
		{5A61AB25-68F6-4BDF-ABAD-DA12C2A04A49}.x86 Release|Mixed Platforms.Build.0 = x86 Release|x86
		{5A61AB25-68F6-4BDF-ABAD-DA12C2A04A49}.x86 Release|Win32.ActiveCfg = x86 Release|x86
		{5A61AB25-68F6-4BDF-ABAD-DA12C2A04A49}.x86 Release|Win32.Build.0 = x86 Release|x86
		{5A61AB25-68F6-4BDF-ABAD-DA12C2A04A49}.x86 Release|x86.ActiveCfg = x86 Release|x86
		{5A61AB25-68F6-4BDF-ABAD-DA12C2A04A49}.x86 Release|x86.Build.0 = x86 Release|x86
		{ECB14CFC-16B6-49D5-9872-3922119F117E}.Debug|Any CPU.ActiveCfg = Debug|Any CPU
		{ECB14CFC-16B6-49D5-9872-3922119F117E}.Debug|Any CPU.Build.0 = Debug|Any CPU
		{ECB14CFC-16B6-49D5-9872-3922119F117E}.Debug|Mixed Platforms.ActiveCfg = Debug|x86
		{ECB14CFC-16B6-49D5-9872-3922119F117E}.Debug|Mixed Platforms.Build.0 = Debug|x86
		{ECB14CFC-16B6-49D5-9872-3922119F117E}.Debug|Win32.ActiveCfg = Debug|x86
		{ECB14CFC-16B6-49D5-9872-3922119F117E}.Debug|Win32.Build.0 = Debug|x86
		{ECB14CFC-16B6-49D5-9872-3922119F117E}.Debug|x86.ActiveCfg = Debug|x86
		{ECB14CFC-16B6-49D5-9872-3922119F117E}.Debug|x86.Build.0 = Debug|x86
		{ECB14CFC-16B6-49D5-9872-3922119F117E}.DebugKopiLua|Any CPU.ActiveCfg = Debug|Any CPU
		{ECB14CFC-16B6-49D5-9872-3922119F117E}.DebugKopiLua|Any CPU.Build.0 = Debug|Any CPU
		{ECB14CFC-16B6-49D5-9872-3922119F117E}.DebugKopiLua|Mixed Platforms.ActiveCfg = Debug|x86
		{ECB14CFC-16B6-49D5-9872-3922119F117E}.DebugKopiLua|Mixed Platforms.Build.0 = Debug|x86
		{ECB14CFC-16B6-49D5-9872-3922119F117E}.DebugKopiLua|Win32.ActiveCfg = Debug|x86
		{ECB14CFC-16B6-49D5-9872-3922119F117E}.DebugKopiLua|Win32.Build.0 = Debug|x86
		{ECB14CFC-16B6-49D5-9872-3922119F117E}.DebugKopiLua|x86.ActiveCfg = Debug|x86
		{ECB14CFC-16B6-49D5-9872-3922119F117E}.DebugKopiLua|x86.Build.0 = Debug|x86
		{ECB14CFC-16B6-49D5-9872-3922119F117E}.Release|Any CPU.ActiveCfg = Release|Any CPU
		{ECB14CFC-16B6-49D5-9872-3922119F117E}.Release|Any CPU.Build.0 = Release|Any CPU
		{ECB14CFC-16B6-49D5-9872-3922119F117E}.Release|Mixed Platforms.ActiveCfg = Release|x86
		{ECB14CFC-16B6-49D5-9872-3922119F117E}.Release|Mixed Platforms.Build.0 = Release|x86
		{ECB14CFC-16B6-49D5-9872-3922119F117E}.Release|Win32.ActiveCfg = Release|x86
		{ECB14CFC-16B6-49D5-9872-3922119F117E}.Release|Win32.Build.0 = Release|x86
		{ECB14CFC-16B6-49D5-9872-3922119F117E}.Release|x86.ActiveCfg = Release|x86
		{ECB14CFC-16B6-49D5-9872-3922119F117E}.Release|x86.Build.0 = Release|x86
		{ECB14CFC-16B6-49D5-9872-3922119F117E}.ReleaseKopiLua|Any CPU.ActiveCfg = Release|Any CPU
		{ECB14CFC-16B6-49D5-9872-3922119F117E}.ReleaseKopiLua|Any CPU.Build.0 = Release|Any CPU
		{ECB14CFC-16B6-49D5-9872-3922119F117E}.ReleaseKopiLua|Mixed Platforms.ActiveCfg = Release|x86
		{ECB14CFC-16B6-49D5-9872-3922119F117E}.ReleaseKopiLua|Mixed Platforms.Build.0 = Release|x86
		{ECB14CFC-16B6-49D5-9872-3922119F117E}.ReleaseKopiLua|Win32.ActiveCfg = Release|x86
		{ECB14CFC-16B6-49D5-9872-3922119F117E}.ReleaseKopiLua|Win32.Build.0 = Release|x86
		{ECB14CFC-16B6-49D5-9872-3922119F117E}.ReleaseKopiLua|x86.ActiveCfg = Release|x86
		{ECB14CFC-16B6-49D5-9872-3922119F117E}.ReleaseKopiLua|x86.Build.0 = Release|x86
		{ECB14CFC-16B6-49D5-9872-3922119F117E}.x86 Release|Any CPU.ActiveCfg = x86 Release|Any CPU
		{ECB14CFC-16B6-49D5-9872-3922119F117E}.x86 Release|Any CPU.Build.0 = x86 Release|Any CPU
		{ECB14CFC-16B6-49D5-9872-3922119F117E}.x86 Release|Mixed Platforms.ActiveCfg = x86 Release|x86
		{ECB14CFC-16B6-49D5-9872-3922119F117E}.x86 Release|Mixed Platforms.Build.0 = x86 Release|x86
		{ECB14CFC-16B6-49D5-9872-3922119F117E}.x86 Release|Win32.ActiveCfg = x86 Release|x86
		{ECB14CFC-16B6-49D5-9872-3922119F117E}.x86 Release|Win32.Build.0 = x86 Release|x86
		{ECB14CFC-16B6-49D5-9872-3922119F117E}.x86 Release|x86.ActiveCfg = x86 Release|x86
		{ECB14CFC-16B6-49D5-9872-3922119F117E}.x86 Release|x86.Build.0 = x86 Release|x86
	EndGlobalSection
	GlobalSection(SolutionProperties) = preSolution
		HideSolutionNode = FALSE
	EndGlobalSection
	GlobalSection(NestedProjects) = preSolution
		{41B4D9C3-1AE3-4CF6-97AE-A014ACFA1E1A} = {0A84D3E3-910C-41BF-8968-6B500634A325}
		{6B6F9CDD-5D31-4CB3-986F-BE8830B494D1} = {0A84D3E3-910C-41BF-8968-6B500634A325}
		{E75A8C05-3722-478A-AFA6-1E59966C62DD} = {0A84D3E3-910C-41BF-8968-6B500634A325}
		{41B4D9C3-1AE3-8CF6-97AE-A014ACFA1F4A} = {0A84D3E3-910C-41BF-8968-6B500634A325}
		{41B4D9C4-1AE3-4CF6-97AE-A014ACFA1E1A} = {0A84D3E3-910C-41BF-8968-6B500634A325}
		{41B4D9F3-5AE3-4CF6-97AE-A014ACFA1E1A} = {0A84D3E3-910C-41BF-8968-6B500634A325}
		{41B4D9F3-5AE3-4CF6-97AE-A014ACFA1A1A} = {0A84D3E3-910C-41BF-8968-6B500634A325}
		{41B4D9F3-5AE9-4CF6-97AE-A014ACFA1E1A} = {0A84D3E3-910C-41BF-8968-6B500634A325}
		{41B4D9C3-1AE3-4CF6-97AE-A014ACFA1E7A} = {0A84D3E3-910C-41BF-8968-6B500634A325}
		{5A61AB25-68F6-4BDF-ABAD-DA12C2A04A49} = {0A84D3E3-910C-41BF-8968-6B500634A325}
		{ECB14CFC-16B6-49D5-9872-3922119F117E} = {0A84D3E3-910C-41BF-8968-6B500634A325}
		{D36AE208-DABA-4A72-BF3C-3E25869E0B9A} = {58D448F3-5F0F-4176-9A74-EA1B34194C42}
		{564193E5-7095-439B-BE1B-146AB0A1FB7E} = {96BB218E-3FAA-44C5-BF6E-2B50EE44B3FF}
	EndGlobalSection
	GlobalSection(MonoDevelopProperties) = preSolution
		StartupItem = Guis\Console\SingBot.Console.csproj
	EndGlobalSection
EndGlobal
